
Microsoft Visual Studio Solution File, Format Version 12.00
# Visual Studio Version 16
VisualStudioVersion = 16.0.30204.135
MinimumVisualStudioVersion = 10.0.40219.1
Project("{FAE04EC0-301F-11D3-BF4B-00C04F79EFBC}") = "DaSuKeTeMoChi", "DaSuKeTeMoChi\DaSuKeTeMoChi.csproj", "{5FEF92F6-9537-493F-A2AB-42F5D0106E25}"
EndProject
Global
	GlobalSection(SolutionConfigurationPlatforms) = preSolution
		Debug|Any CPU = Debug|Any CPU
		Release|Any CPU = Release|Any CPU
	EndGlobalSection
	GlobalSection(ProjectConfigurationPlatforms) = postSolution
		{5FEF92F6-9537-493F-A2AB-42F5D0106E25}.Debug|Any CPU.ActiveCfg = Debug|Any CPU
		{5FEF92F6-9537-493F-A2AB-42F5D0106E25}.Debug|Any CPU.Build.0 = Debug|Any CPU
		{5FEF92F6-9537-493F-A2AB-42F5D0106E25}.Release|Any CPU.ActiveCfg = Release|Any CPU
		{5FEF92F6-9537-493F-A2AB-42F5D0106E25}.Release|Any CPU.Build.0 = Release|Any CPU
	EndGlobalSection
	GlobalSection(SolutionProperties) = preSolution
		HideSolutionNode = FALSE
	EndGlobalSection
	GlobalSection(ExtensibilityGlobals) = postSolution
		SolutionGuid = {6A496FAC-0DC4-454A-8739-846F27564A91}
	EndGlobalSection
EndGlobal
